
Microsoft Visual Studio Solution File, Format Version 12.00
# Visual Studio Version 17
VisualStudioVersion = 17.14.36616.10 d17.14
MinimumVisualStudioVersion = 10.0.40219.1
Project("{FAE04EC0-301F-11D3-BF4B-00C04F79EFBC}") = "Crud", "Crud\Crud.csproj", "{015E16E0-7534-4064-8196-953F61F7A318}"
EndProject
Global
	GlobalSection(SolutionConfigurationPlatforms) = preSolution
		Debug|Any CPU = Debug|Any CPU
		Release|Any CPU = Release|Any CPU
	EndGlobalSection
	GlobalSection(ProjectConfigurationPlatforms) = postSolution
		{015E16E0-7534-4064-8196-953F61F7A318}.Debug|Any CPU.ActiveCfg = Debug|Any CPU
		{015E16E0-7534-4064-8196-953F61F7A318}.Debug|Any CPU.Build.0 = Debug|Any CPU
		{015E16E0-7534-4064-8196-953F61F7A318}.Release|Any CPU.ActiveCfg = Release|Any CPU
		{015E16E0-7534-4064-8196-953F61F7A318}.Release|Any CPU.Build.0 = Release|Any CPU
	EndGlobalSection
	GlobalSection(SolutionProperties) = preSolution
		HideSolutionNode = FALSE
	EndGlobalSection
	GlobalSection(ExtensibilityGlobals) = postSolution
		SolutionGuid = {E79A735B-564A-4DE2-BED0-FF297F47B84F}
	EndGlobalSection
EndGlobal
