
Microsoft Visual Studio Solution File, Format Version 12.00
# Visual Studio Version 17
VisualStudioVersion = 17.14.36616.10 d17.14
MinimumVisualStudioVersion = 10.0.40219.1
Project("{FAE04EC0-301F-11D3-BF4B-00C04F79EFBC}") = "mid1", "mid1\mid1.csproj", "{4EE8C8C3-8849-4440-8CDB-5E01FB6B3407}"
EndProject
Global
	GlobalSection(SolutionConfigurationPlatforms) = preSolution
		Debug|Any CPU = Debug|Any CPU
		Release|Any CPU = Release|Any CPU
	EndGlobalSection
	GlobalSection(ProjectConfigurationPlatforms) = postSolution
		{4EE8C8C3-8849-4440-8CDB-5E01FB6B3407}.Debug|Any CPU.ActiveCfg = Debug|Any CPU
		{4EE8C8C3-8849-4440-8CDB-5E01FB6B3407}.Debug|Any CPU.Build.0 = Debug|Any CPU
		{4EE8C8C3-8849-4440-8CDB-5E01FB6B3407}.Release|Any CPU.ActiveCfg = Release|Any CPU
		{4EE8C8C3-8849-4440-8CDB-5E01FB6B3407}.Release|Any CPU.Build.0 = Release|Any CPU
	EndGlobalSection
	GlobalSection(SolutionProperties) = preSolution
		HideSolutionNode = FALSE
	EndGlobalSection
	GlobalSection(ExtensibilityGlobals) = postSolution
		SolutionGuid = {EF496072-8595-4B35-ACFE-9E33AE080547}
	EndGlobalSection
EndGlobal
