
Microsoft Visual Studio Solution File, Format Version 12.00
# Visual Studio Version 17
VisualStudioVersion = 17.14.36616.10 d17.14
MinimumVisualStudioVersion = 10.0.40219.1
Project("{FAE04EC0-301F-11D3-BF4B-00C04F79EFBC}") = "SecondLab", "SecondLab\SecondLab.csproj", "{6D061681-437E-43F1-844F-57B91FE89ACA}"
EndProject
Global
	GlobalSection(SolutionConfigurationPlatforms) = preSolution
		Debug|Any CPU = Debug|Any CPU
		Release|Any CPU = Release|Any CPU
	EndGlobalSection
	GlobalSection(ProjectConfigurationPlatforms) = postSolution
		{6D061681-437E-43F1-844F-57B91FE89ACA}.Debug|Any CPU.ActiveCfg = Debug|Any CPU
		{6D061681-437E-43F1-844F-57B91FE89ACA}.Debug|Any CPU.Build.0 = Debug|Any CPU
		{6D061681-437E-43F1-844F-57B91FE89ACA}.Release|Any CPU.ActiveCfg = Release|Any CPU
		{6D061681-437E-43F1-844F-57B91FE89ACA}.Release|Any CPU.Build.0 = Release|Any CPU
	EndGlobalSection
	GlobalSection(SolutionProperties) = preSolution
		HideSolutionNode = FALSE
	EndGlobalSection
	GlobalSection(ExtensibilityGlobals) = postSolution
		SolutionGuid = {AC08A52C-3D4B-4EEA-834A-F87928D16C03}
	EndGlobalSection
EndGlobal
